
Microsoft Visual Studio Solution File, Format Version 12.00
# Visual Studio Version 17
VisualStudioVersion = 17.3.32825.248
MinimumVisualStudioVersion = 10.0.40219.1
Project("{FAE04EC0-301F-11D3-BF4B-00C04F79EFBC}") = "ThreadConsoleExample", "ThreadConsoleExample\ThreadConsoleExample.csproj", "{F5D27E6A-8939-48FB-99CA-E7150C637E1B}"
EndProject
Project("{FAE04EC0-301F-11D3-BF4B-00C04F79EFBC}") = "ThreadDelegate", "ThreadDelegate\ThreadDelegate.csproj", "{1248BF1C-AE05-4182-B6F0-316F20A5D852}"
EndProject
Project("{FAE04EC0-301F-11D3-BF4B-00C04F79EFBC}") = "ThreadSafeProblem", "ThreadSafeProblem\ThreadSafeProblem.csproj", "{CB848F3D-C87E-4BC8-9DE2-FFCC1897B302}"
EndProject
Project("{FAE04EC0-301F-11D3-BF4B-00C04F79EFBC}") = "ThreadPoolTest", "ThreadPoolTest\ThreadPoolTest.csproj", "{D86F2B21-BAE9-4C90-87DF-DE5C08B37B5D}"
EndProject
Project("{FAE04EC0-301F-11D3-BF4B-00C04F79EFBC}") = "ParallelTest", "PararellTest\ParallelTest.csproj", "{DAAD6496-D98B-4BBE-926D-F6E6B21EE4F8}"
EndProject
Project("{FAE04EC0-301F-11D3-BF4B-00C04F79EFBC}") = "TaskExample", "TaskExample\TaskExample.csproj", "{40CDB75E-1F0D-439F-9AE2-6699103D1299}"
EndProject
Project("{2150E333-8FDC-42A3-9474-1A3956D46DE8}") = "Day1", "Day1", "{B01D83FF-0826-4391-A981-8E1603C78118}"
EndProject
Project("{2150E333-8FDC-42A3-9474-1A3956D46DE8}") = "Day2", "Day2", "{DDBF3B6A-BCA3-4C50-AC20-AF7D13885E8A}"
EndProject
Project("{FAE04EC0-301F-11D3-BF4B-00C04F79EFBC}") = "Serialization", "Serialization\Serialization.csproj", "{CCF5D9FF-5543-48C0-B714-883C0BCB47E6}"
EndProject
Project("{2150E333-8FDC-42A3-9474-1A3956D46DE8}") = "Day3", "Day3", "{476CD485-B584-4931-B9E6-E99A64B2BDE1}"
EndProject
Project("{FAE04EC0-301F-11D3-BF4B-00C04F79EFBC}") = "WPFTest", "WPFTest\WPFTest.csproj", "{5A9B2F19-D262-480B-8AE0-3FCEEAD50B2A}"
EndProject
Project("{2150E333-8FDC-42A3-9474-1A3956D46DE8}") = "Day4", "Day4", "{B1BF3425-52D3-4403-898E-A5D7252C029C}"
EndProject
Project("{FAE04EC0-301F-11D3-BF4B-00C04F79EFBC}") = "WPFControls", "WPFControls\WPFControls.csproj", "{B2E155C2-5C87-4FD9-89C5-BE002FDCF54B}"
EndProject
Project("{FAE04EC0-301F-11D3-BF4B-00C04F79EFBC}") = "ObserverCollection", "ObserverColection\ObserverCollection.csproj", "{230B8E28-4F66-40AB-90D9-ACE29D6F736D}"
EndProject
Project("{FAE04EC0-301F-11D3-BF4B-00C04F79EFBC}") = "StockWatcher", "StockWatcher\StockWatcher.csproj", "{C4CB5F24-DB0A-43F1-BB09-790CCA02C0E7}"
EndProject
Project("{FAE04EC0-301F-11D3-BF4B-00C04F79EFBC}") = "WpfDataBinding", "WpfDataBinding\WpfDataBinding.csproj", "{9C2D2223-E0B6-49DF-BAD4-B1EBCF325D4D}"
EndProject
Project("{FAE04EC0-301F-11D3-BF4B-00C04F79EFBC}") = "WpfListBoxUpdate", "WpfListBoxUpdate\WpfListBoxUpdate.csproj", "{7046D9C4-E09D-4EA0-B988-08D54CB368FD}"
EndProject
Project("{FAE04EC0-301F-11D3-BF4B-00C04F79EFBC}") = "WpfMvvm", "WpfMvvm\WpfMvvm.csproj", "{513F3236-F6FE-4607-834D-64BE4C248AAB}"
EndProject
Global
	GlobalSection(SolutionConfigurationPlatforms) = preSolution
		Debug|Any CPU = Debug|Any CPU
		Release|Any CPU = Release|Any CPU
	EndGlobalSection
	GlobalSection(ProjectConfigurationPlatforms) = postSolution
		{F5D27E6A-8939-48FB-99CA-E7150C637E1B}.Debug|Any CPU.ActiveCfg = Debug|Any CPU
		{F5D27E6A-8939-48FB-99CA-E7150C637E1B}.Debug|Any CPU.Build.0 = Debug|Any CPU
		{F5D27E6A-8939-48FB-99CA-E7150C637E1B}.Release|Any CPU.ActiveCfg = Release|Any CPU
		{F5D27E6A-8939-48FB-99CA-E7150C637E1B}.Release|Any CPU.Build.0 = Release|Any CPU
		{1248BF1C-AE05-4182-B6F0-316F20A5D852}.Debug|Any CPU.ActiveCfg = Debug|Any CPU
		{1248BF1C-AE05-4182-B6F0-316F20A5D852}.Debug|Any CPU.Build.0 = Debug|Any CPU
		{1248BF1C-AE05-4182-B6F0-316F20A5D852}.Release|Any CPU.ActiveCfg = Release|Any CPU
		{1248BF1C-AE05-4182-B6F0-316F20A5D852}.Release|Any CPU.Build.0 = Release|Any CPU
		{CB848F3D-C87E-4BC8-9DE2-FFCC1897B302}.Debug|Any CPU.ActiveCfg = Debug|Any CPU
		{CB848F3D-C87E-4BC8-9DE2-FFCC1897B302}.Debug|Any CPU.Build.0 = Debug|Any CPU
		{CB848F3D-C87E-4BC8-9DE2-FFCC1897B302}.Release|Any CPU.ActiveCfg = Release|Any CPU
		{CB848F3D-C87E-4BC8-9DE2-FFCC1897B302}.Release|Any CPU.Build.0 = Release|Any CPU
		{D86F2B21-BAE9-4C90-87DF-DE5C08B37B5D}.Debug|Any CPU.ActiveCfg = Debug|Any CPU
		{D86F2B21-BAE9-4C90-87DF-DE5C08B37B5D}.Debug|Any CPU.Build.0 = Debug|Any CPU
		{D86F2B21-BAE9-4C90-87DF-DE5C08B37B5D}.Release|Any CPU.ActiveCfg = Release|Any CPU
		{D86F2B21-BAE9-4C90-87DF-DE5C08B37B5D}.Release|Any CPU.Build.0 = Release|Any CPU
		{DAAD6496-D98B-4BBE-926D-F6E6B21EE4F8}.Debug|Any CPU.ActiveCfg = Debug|Any CPU
		{DAAD6496-D98B-4BBE-926D-F6E6B21EE4F8}.Debug|Any CPU.Build.0 = Debug|Any CPU
		{DAAD6496-D98B-4BBE-926D-F6E6B21EE4F8}.Release|Any CPU.ActiveCfg = Release|Any CPU
		{DAAD6496-D98B-4BBE-926D-F6E6B21EE4F8}.Release|Any CPU.Build.0 = Release|Any CPU
		{40CDB75E-1F0D-439F-9AE2-6699103D1299}.Debug|Any CPU.ActiveCfg = Debug|Any CPU
		{40CDB75E-1F0D-439F-9AE2-6699103D1299}.Debug|Any CPU.Build.0 = Debug|Any CPU
		{40CDB75E-1F0D-439F-9AE2-6699103D1299}.Release|Any CPU.ActiveCfg = Release|Any CPU
		{40CDB75E-1F0D-439F-9AE2-6699103D1299}.Release|Any CPU.Build.0 = Release|Any CPU
		{CCF5D9FF-5543-48C0-B714-883C0BCB47E6}.Debug|Any CPU.ActiveCfg = Debug|Any CPU
		{CCF5D9FF-5543-48C0-B714-883C0BCB47E6}.Debug|Any CPU.Build.0 = Debug|Any CPU
		{CCF5D9FF-5543-48C0-B714-883C0BCB47E6}.Release|Any CPU.ActiveCfg = Release|Any CPU
		{CCF5D9FF-5543-48C0-B714-883C0BCB47E6}.Release|Any CPU.Build.0 = Release|Any CPU
		{5A9B2F19-D262-480B-8AE0-3FCEEAD50B2A}.Debug|Any CPU.ActiveCfg = Debug|Any CPU
		{5A9B2F19-D262-480B-8AE0-3FCEEAD50B2A}.Debug|Any CPU.Build.0 = Debug|Any CPU
		{5A9B2F19-D262-480B-8AE0-3FCEEAD50B2A}.Release|Any CPU.ActiveCfg = Release|Any CPU
		{5A9B2F19-D262-480B-8AE0-3FCEEAD50B2A}.Release|Any CPU.Build.0 = Release|Any CPU
		{B2E155C2-5C87-4FD9-89C5-BE002FDCF54B}.Debug|Any CPU.ActiveCfg = Debug|Any CPU
		{B2E155C2-5C87-4FD9-89C5-BE002FDCF54B}.Debug|Any CPU.Build.0 = Debug|Any CPU
		{B2E155C2-5C87-4FD9-89C5-BE002FDCF54B}.Release|Any CPU.ActiveCfg = Release|Any CPU
		{B2E155C2-5C87-4FD9-89C5-BE002FDCF54B}.Release|Any CPU.Build.0 = Release|Any CPU
		{230B8E28-4F66-40AB-90D9-ACE29D6F736D}.Debug|Any CPU.ActiveCfg = Debug|Any CPU
		{230B8E28-4F66-40AB-90D9-ACE29D6F736D}.Debug|Any CPU.Build.0 = Debug|Any CPU
		{230B8E28-4F66-40AB-90D9-ACE29D6F736D}.Release|Any CPU.ActiveCfg = Release|Any CPU
		{230B8E28-4F66-40AB-90D9-ACE29D6F736D}.Release|Any CPU.Build.0 = Release|Any CPU
		{C4CB5F24-DB0A-43F1-BB09-790CCA02C0E7}.Debug|Any CPU.ActiveCfg = Debug|Any CPU
		{C4CB5F24-DB0A-43F1-BB09-790CCA02C0E7}.Debug|Any CPU.Build.0 = Debug|Any CPU
		{C4CB5F24-DB0A-43F1-BB09-790CCA02C0E7}.Release|Any CPU.ActiveCfg = Release|Any CPU
		{C4CB5F24-DB0A-43F1-BB09-790CCA02C0E7}.Release|Any CPU.Build.0 = Release|Any CPU
		{9C2D2223-E0B6-49DF-BAD4-B1EBCF325D4D}.Debug|Any CPU.ActiveCfg = Debug|Any CPU
		{9C2D2223-E0B6-49DF-BAD4-B1EBCF325D4D}.Debug|Any CPU.Build.0 = Debug|Any CPU
		{9C2D2223-E0B6-49DF-BAD4-B1EBCF325D4D}.Release|Any CPU.ActiveCfg = Release|Any CPU
		{9C2D2223-E0B6-49DF-BAD4-B1EBCF325D4D}.Release|Any CPU.Build.0 = Release|Any CPU
		{7046D9C4-E09D-4EA0-B988-08D54CB368FD}.Debug|Any CPU.ActiveCfg = Debug|Any CPU
		{7046D9C4-E09D-4EA0-B988-08D54CB368FD}.Debug|Any CPU.Build.0 = Debug|Any CPU
		{7046D9C4-E09D-4EA0-B988-08D54CB368FD}.Release|Any CPU.ActiveCfg = Release|Any CPU
		{7046D9C4-E09D-4EA0-B988-08D54CB368FD}.Release|Any CPU.Build.0 = Release|Any CPU
		{513F3236-F6FE-4607-834D-64BE4C248AAB}.Debug|Any CPU.ActiveCfg = Debug|Any CPU
		{513F3236-F6FE-4607-834D-64BE4C248AAB}.Debug|Any CPU.Build.0 = Debug|Any CPU
		{513F3236-F6FE-4607-834D-64BE4C248AAB}.Release|Any CPU.ActiveCfg = Release|Any CPU
		{513F3236-F6FE-4607-834D-64BE4C248AAB}.Release|Any CPU.Build.0 = Release|Any CPU
	EndGlobalSection
	GlobalSection(SolutionProperties) = preSolution
		HideSolutionNode = FALSE
	EndGlobalSection
	GlobalSection(NestedProjects) = preSolution
		{F5D27E6A-8939-48FB-99CA-E7150C637E1B} = {B01D83FF-0826-4391-A981-8E1603C78118}
		{1248BF1C-AE05-4182-B6F0-316F20A5D852} = {B01D83FF-0826-4391-A981-8E1603C78118}
		{CB848F3D-C87E-4BC8-9DE2-FFCC1897B302} = {B01D83FF-0826-4391-A981-8E1603C78118}
		{D86F2B21-BAE9-4C90-87DF-DE5C08B37B5D} = {B01D83FF-0826-4391-A981-8E1603C78118}
		{DAAD6496-D98B-4BBE-926D-F6E6B21EE4F8} = {B01D83FF-0826-4391-A981-8E1603C78118}
		{40CDB75E-1F0D-439F-9AE2-6699103D1299} = {B01D83FF-0826-4391-A981-8E1603C78118}
		{CCF5D9FF-5543-48C0-B714-883C0BCB47E6} = {DDBF3B6A-BCA3-4C50-AC20-AF7D13885E8A}
		{5A9B2F19-D262-480B-8AE0-3FCEEAD50B2A} = {476CD485-B584-4931-B9E6-E99A64B2BDE1}
		{B2E155C2-5C87-4FD9-89C5-BE002FDCF54B} = {B1BF3425-52D3-4403-898E-A5D7252C029C}
		{230B8E28-4F66-40AB-90D9-ACE29D6F736D} = {B1BF3425-52D3-4403-898E-A5D7252C029C}
		{C4CB5F24-DB0A-43F1-BB09-790CCA02C0E7} = {B1BF3425-52D3-4403-898E-A5D7252C029C}
		{9C2D2223-E0B6-49DF-BAD4-B1EBCF325D4D} = {B1BF3425-52D3-4403-898E-A5D7252C029C}
		{7046D9C4-E09D-4EA0-B988-08D54CB368FD} = {B1BF3425-52D3-4403-898E-A5D7252C029C}
		{513F3236-F6FE-4607-834D-64BE4C248AAB} = {B1BF3425-52D3-4403-898E-A5D7252C029C}
	EndGlobalSection
	GlobalSection(ExtensibilityGlobals) = postSolution
		SolutionGuid = {D621C9E9-2B9C-495A-BBD3-EB120A24A8E7}
	EndGlobalSection
EndGlobal
